
Microsoft Visual Studio Solution File, Format Version 12.00
# Visual Studio Version 16
VisualStudioVersion = 16.0.28729.10
MinimumVisualStudioVersion = 10.0.40219.1
Project("{FAE04EC0-301F-11D3-BF4B-00C04F79EFBC}") = "CompareDirectories", "CompareDirectories\CompareDirectories.csproj", "{27A18674-7F31-477C-B224-369613BA8704}"
EndProject
Global
	GlobalSection(SolutionConfigurationPlatforms) = preSolution
		Debug|Any CPU = Debug|Any CPU
		Release|Any CPU = Release|Any CPU
	EndGlobalSection
	GlobalSection(ProjectConfigurationPlatforms) = postSolution
		{27A18674-7F31-477C-B224-369613BA8704}.Debug|Any CPU.ActiveCfg = Debug|Any CPU
		{27A18674-7F31-477C-B224-369613BA8704}.Debug|Any CPU.Build.0 = Debug|Any CPU
		{27A18674-7F31-477C-B224-369613BA8704}.Release|Any CPU.ActiveCfg = Release|Any CPU
		{27A18674-7F31-477C-B224-369613BA8704}.Release|Any CPU.Build.0 = Release|Any CPU
	EndGlobalSection
	GlobalSection(SolutionProperties) = preSolution
		HideSolutionNode = FALSE
	EndGlobalSection
	GlobalSection(ExtensibilityGlobals) = postSolution
		SolutionGuid = {47A0B5C6-1566-4101-9615-1A15775061A9}
	EndGlobalSection
EndGlobal
